
Microsoft Visual Studio Solution File, Format Version 12.00
# Visual Studio 15
VisualStudioVersion = 15.0.28307.572
MinimumVisualStudioVersion = 10.0.40219.1
Project("{A0786B88-2ADB-4C21-ABE8-AA2D79766269}") = "phpsandkasse", "..\..\..\..\..\Users\oldhandmixer\Documents\server\phpsandkasse\phpsandkasse\phpsandkasse.phpproj", "{7DD07582-7113-4C5B-9D33-698137D3AD7F}"
EndProject
Global
	GlobalSection(SolutionConfigurationPlatforms) = preSolution
		Debug|Any CPU = Debug|Any CPU
		Release|Any CPU = Release|Any CPU
	EndGlobalSection
	GlobalSection(ProjectConfigurationPlatforms) = postSolution
		{7DD07582-7113-4C5B-9D33-698137D3AD7F}.Debug|Any CPU.ActiveCfg = Debug|Any CPU
		{7DD07582-7113-4C5B-9D33-698137D3AD7F}.Release|Any CPU.ActiveCfg = Release|Any CPU
	EndGlobalSection
	GlobalSection(SolutionProperties) = preSolution
		HideSolutionNode = FALSE
	EndGlobalSection
	GlobalSection(ExtensibilityGlobals) = postSolution
		SolutionGuid = {46D3EB84-BE1D-465F-A988-9D1979BF8707}
	EndGlobalSection
EndGlobal
