
Microsoft Visual Studio Solution File, Format Version 12.00
# Visual Studio 15
VisualStudioVersion = 15.0.28307.572
MinimumVisualStudioVersion = 10.0.40219.1
Project("{A0786B88-2ADB-4C21-ABE8-AA2D79766269}") = "divi", "divi.phpproj", "{E1E4EAAE-60C9-496E-B12F-0E731B062106}"
EndProject
Global
	GlobalSection(SolutionConfigurationPlatforms) = preSolution
		Debug|Any CPU = Debug|Any CPU
		Release|Any CPU = Release|Any CPU
	EndGlobalSection
	GlobalSection(ProjectConfigurationPlatforms) = postSolution
		{E1E4EAAE-60C9-496E-B12F-0E731B062106}.Debug|Any CPU.ActiveCfg = Debug|Any CPU
		{E1E4EAAE-60C9-496E-B12F-0E731B062106}.Release|Any CPU.ActiveCfg = Release|Any CPU
	EndGlobalSection
	GlobalSection(SolutionProperties) = preSolution
		HideSolutionNode = FALSE
	EndGlobalSection
	GlobalSection(ExtensibilityGlobals) = postSolution
		SolutionGuid = {F7893DD5-AF4C-42D6-A044-D7189F4E47E0}
	EndGlobalSection
EndGlobal
